Microsoft Visual Studio Solution File, Format Version 12.00
# Visual Studio Version 17
VisualStudioVersion = 17.5.2.0
MinimumVisualStudioVersion = 10.0.40219.1
Project("{FAE04EC0-301F-11D3-BF4B-00C04F79EFBC}") = "JokenpoApiRest", "JokenpoApiRest.csproj", "{8B51BD49-640F-4945-EFE5-AFA9E752756B}"
EndProject
Global
	GlobalSection(SolutionConfigurationPlatforms) = preSolution
		Debug|Any CPU = Debug|Any CPU
		Release|Any CPU = Release|Any CPU
	EndGlobalSection
	GlobalSection(ProjectConfigurationPlatforms) = postSolution
		{8B51BD49-640F-4945-EFE5-AFA9E752756B}.Debug|Any CPU.ActiveCfg = Debug|Any CPU
		{8B51BD49-640F-4945-EFE5-AFA9E752756B}.Debug|Any CPU.Build.0 = Debug|Any CPU
		{8B51BD49-640F-4945-EFE5-AFA9E752756B}.Release|Any CPU.ActiveCfg = Release|Any CPU
		{8B51BD49-640F-4945-EFE5-AFA9E752756B}.Release|Any CPU.Build.0 = Release|Any CPU
	EndGlobalSection
	GlobalSection(SolutionProperties) = preSolution
		HideSolutionNode = FALSE
	EndGlobalSection
	GlobalSection(ExtensibilityGlobals) = postSolution
		SolutionGuid = {58AE1F2F-C1BB-406F-AD21-0D00810E8246}
	EndGlobalSection
EndGlobal
